// !$*UTF8*$!
{
	archiveVersion = 1;
	classes = {
	};
	objectVersion = 48;
	objects = {

/* Begin PBXBuildFile section */
		419D78AE1FBCD52A00F4C0F8 /* AppDelegate.swift in Sources */ = {isa = PBXBuildFile; fileRef = 419D78AD1FBCD52A00F4C0F8 /* AppDelegate.swift */; };
		419D78B01FBCD52A00F4C0F8 /* ViewController.swift in Sources */ = {isa = PBXBuildFile; fileRef = 419D78AF1FBCD52A00F4C0F8 /* ViewController.swift */; };
		419D78B31FBCD52A00F4C0F8 /* Main.storyboard in Resources */ = {isa = PBXBuildFile; fileRef = 419D78B11FBCD52A00F4C0F8 /* Main.storyboard */; };
		419D78B51FBCD52A00F4C0F8 /* Assets.xcassets in Resources */ = {isa = PBXBuildFile; fileRef = 419D78B41FBCD52A00F4C0F8 /* Assets.xcassets */; };
		419D78B81FBCD52A00F4C0F8 /* LaunchScreen.storyboard in Resources */ = {isa = PBXBuildFile; fileRef = 419D78B61FBCD52A00F4C0F8 /* LaunchScreen.storyboard */; };
		419D78C31FBD1B8E00F4C0F8 /* GoogleService-Info.plist in Resources */ = {isa = PBXBuildFile; fileRef = 419D78C21FBD1B7D00F4C0F8 /* GoogleService-Info.plist */; };
		419D78C51FBD21CC00F4C0F8 /* RiderViewController.swift in Sources */ = {isa = PBXBuildFile; fileRef = 419D78C41FBD21CC00F4C0F8 /* RiderViewController.swift */; };
		419D78C91FBE671F00F4C0F8 /* DriverTableViewController.swift in Sources */ = {isa = PBXBuildFile; fileRef = 419D78C81FBE671E00F4C0F8 /* DriverTableViewController.swift */; };
		419D78CB1FBE72BC00F4C0F8 /* AcceptRequestViewController.swift in Sources */ = {isa = PBXBuildFile; fileRef = 419D78CA1FBE72BC00F4C0F8 /* AcceptRequestViewController.swift */; };
		C59CA4F74BBE5519A8FC6CE2 /* Pods_Uber.framework in Frameworks */ = {isa = PBXBuildFile; fileRef = F46E0DE0367AABE79920FCDF /* Pods_Uber.framework */; };
/* End PBXBuildFile section */

/* Begin PBXFileReference section */
		419D78AA1FBCD52A00F4C0F8 /* Uber.app */ = {isa = PBXFileReference; explicitFileType = wrapper.application; includeInIndex = 0; path = Uber.app; sourceTree = BUILT_PRODUCTS_DIR; };
		419D78AD1FBCD52A00F4C0F8 /* AppDelegate.swift */ = {isa = PBXFileReference; lastKnownFileType = sourcecode.swift; path = AppDelegate.swift; sourceTree = "<group>"; };
		419D78AF1FBCD52A00F4C0F8 /* ViewController.swift */ = {isa = PBXFileReference; lastKnownFileType = sourcecode.swift; path = ViewController.swift; sourceTree = "<group>"; };
		419D78B21FBCD52A00F4C0F8 /* Base */ = {isa = PBXFileReference; lastKnownFileType = file.storyboard; name = Base; path = Base.lproj/Main.storyboard; sourceTree = "<group>"; };
		419D78B41FBCD52A00F4C0F8 /* Assets.xcassets */ = {isa = PBXFileReference; lastKnownFileType = folder.assetcatalog; path = Assets.xcassets; sourceTree = "<group>"; };
		419D78B71FBCD52A00F4C0F8 /* Base */ = {isa = PBXFileReference; lastKnownFileType = file.storyboard; name = Base; path = Base.lproj/LaunchScreen.storyboard; sourceTree = "<group>"; };
		419D78B91FBCD52A00F4C0F8 /* Info.plist */ = {isa = PBXFileReference; lastKnownFileType = text.plist.xml; path = Info.plist; sourceTree = "<group>"; };
		419D78C21FBD1B7D00F4C0F8 /* GoogleService-Info.plist */ = {isa = PBXFileReference; lastKnownFileType = text.plist.xml; name = "GoogleService-Info.plist"; path = "/Users/michaelroloff/Desktop/Uber/Uber/GoogleService-Info.plist"; sourceTree = "<absolute>"; };
		419D78C41FBD21CC00F4C0F8 /* RiderViewController.swift */ = {isa = PBXFileReference; lastKnownFileType = sourcecode.swift; path = RiderViewController.swift; sourceTree = "<group>"; };
		419D78C81FBE671E00F4C0F8 /* DriverTableViewController.swift */ = {isa = PBXFileReference; lastKnownFileType = sourcecode.swift; name = DriverTableViewController.swift; path = /Users/michaelroloff/Desktop/Uber/Uber/DriverTableViewController.swift; sourceTree = "<absolute>"; };
		419D78CA1FBE72BC00F4C0F8 /* AcceptRequestViewController.swift */ = {isa = PBXFileReference; lastKnownFileType = sourcecode.swift; path = AcceptRequestViewController.swift; sourceTree = "<group>"; };
		99C5DF2E4C8B3D38381FF10E /* Pods-Uber.debug.xcconfig */ = {isa = PBXFileReference; includeInIndex = 1; lastKnownFileType = text.xcconfig; name = "Pods-Uber.debug.xcconfig"; path = "Pods/Target Support Files/Pods-Uber/Pods-Uber.debug.xcconfig"; sourceTree = "<group>"; };
		DCDAB2B4603385CC0DD09DDC /* Pods-Uber.release.xcconfig */ = {isa = PBXFileReference; includeInIndex = 1; lastKnownFileType = text.xcconfig; name = "Pods-Uber.release.xcconfig"; path = "Pods/Target Support Files/Pods-Uber/Pods-Uber.release.xcconfig"; sourceTree = "<group>"; };
		F46E0DE0367AABE79920FCDF /* Pods_Uber.framework */ = {isa = PBXFileReference; explicitFileType = wrapper.framework; includeInIndex = 0; path = Pods_Uber.framework; sourceTree = BUILT_PRODUCTS_DIR; };
/* End PBXFileReference section */

/* Begin PBXFrameworksBuildPhase section */
		419D78A71FBCD52A00F4C0F8 /* Frameworks */ = {
			isa = PBXFrameworksBuildPhase;
			buildActionMask = 2147483647;
			files = (
				C59CA4F74BBE5519A8FC6CE2 /* Pods_Uber.framework in Frameworks */,
			);
			runOnlyForDeploymentPostprocessing = 0;
		};
/* End PBXFrameworksBuildPhase section */

/* Begin PBXGroup section */
		419D78A11FBCD52A00F4C0F8 = {
			isa = PBXGroup;
			children = (
				419D78AC1FBCD52A00F4C0F8 /* Uber */,
				419D78AB1FBCD52A00F4C0F8 /* Products */,
				D892BF0492342BAD10883115 /* Pods */,
				8FF9E3D82AA0EFD6A30B0265 /* Frameworks */,
			);
			sourceTree = "<group>";
		};
		419D78AB1FBCD52A00F4C0F8 /* Products */ = {
			isa = PBXGroup;
			children = (
				419D78AA1FBCD52A00F4C0F8 /* Uber.app */,
			);
			name = Products;
			sourceTree = "<group>";
		};
		419D78AC1FBCD52A00F4C0F8 /* Uber */ = {
			isa = PBXGroup;
			children = (
				419D78AD1FBCD52A00F4C0F8 /* AppDelegate.swift */,
				419D78AF1FBCD52A00F4C0F8 /* ViewController.swift */,
				419D78C81FBE671E00F4C0F8 /* DriverTableViewController.swift */,
				419D78CA1FBE72BC00F4C0F8 /* AcceptRequestViewController.swift */,
				419D78C41FBD21CC00F4C0F8 /* RiderViewController.swift */,
				419D78B11FBCD52A00F4C0F8 /* Main.storyboard */,
				419D78B41FBCD52A00F4C0F8 /* Assets.xcassets */,
				419D78B61FBCD52A00F4C0F8 /* LaunchScreen.storyboard */,
				419D78C21FBD1B7D00F4C0F8 /* GoogleService-Info.plist */,
				419D78B91FBCD52A00F4C0F8 /* Info.plist */,
			);
			path = Uber;
			sourceTree = "<group>";
		};
		8FF9E3D82AA0EFD6A30B0265 /* Frameworks */ = {
			isa = PBXGroup;
			children = (
				F46E0DE0367AABE79920FCDF /* Pods_Uber.framework */,
			);
			name = Frameworks;
			sourceTree = "<group>";
		};
		D892BF0492342BAD10883115 /* Pods */ = {
			isa = PBXGroup;
			children = (
				99C5DF2E4C8B3D38381FF10E /* Pods-Uber.debug.xcconfig */,
				DCDAB2B4603385CC0DD09DDC /* Pods-Uber.release.xcconfig */,
			);
			name = Pods;
			sourceTree = "<group>";
		};
/* End PBXGroup section */

/* Begin PBXNativeTarget section */
		419D78A91FBCD52A00F4C0F8 /* Uber */ = {
			isa = PBXNativeTarget;
			buildConfigurationList = 419D78BC1FBCD52A00F4C0F8 /* Build configuration list for PBXNativeTarget "Uber" */;
			buildPhases = (
				AA915F71DE09690FC5AC2D42 /* [CP] Check Pods Manifest.lock */,
				419D78A61FBCD52A00F4C0F8 /* Sources */,
				419D78A71FBCD52A00F4C0F8 /* Frameworks */,
				419D78A81FBCD52A00F4C0F8 /* Resources */,
				07F8438D211D7E3015E3342D /* [CP] Embed Pods Frameworks */,
				E538BFFE6E28E29E76569E01 /* [CP] Copy Pods Resources */,
			);
			buildRules = (
			);
			dependencies = (
			);
			name = Uber;
			productName = Uber;
			productReference = 419D78AA1FBCD52A00F4C0F8 /* Uber.app */;
			productType = "com.apple.product-type.application";
		};
/* End PBXNativeTarget section */

/* Begin PBXProject section */
		419D78A21FBCD52A00F4C0F8 /* Project object */ = {
			isa = PBXProject;
			attributes = {
				LastSwiftUpdateCheck = 0900;
				LastUpgradeCheck = 0900;
				ORGANIZATIONNAME = michaelroloff;
				TargetAttributes = {
					419D78A91FBCD52A00F4C0F8 = {
						CreatedOnToolsVersion = 9.0;
					};
				};
			};
			buildConfigurationList = 419D78A51FBCD52A00F4C0F8 /* Build configuration list for PBXProject "Uber" */;
			compatibilityVersion = "Xcode 8.0";
			developmentRegion = en;
			hasScannedForEncodings = 0;
			knownRegions = (
				en,
				Base,
			);
			mainGroup = 419D78A11FBCD52A00F4C0F8;
			productRefGroup = 419D78AB1FBCD52A00F4C0F8 /* Products */;
			projectDirPath = "";
			projectRoot = "";
			targets = (
				419D78A91FBCD52A00F4C0F8 /* Uber */,
			);
		};
/* End PBXProject section */

/* Begin PBXResourcesBuildPhase section */
		419D78A81FBCD52A00F4C0F8 /* Resources */ = {
			isa = PBXResourcesBuildPhase;
			buildActionMask = 2147483647;
			files = (
				419D78B81FBCD52A00F4C0F8 /* LaunchScreen.storyboard in Resources */,
				419D78C31FBD1B8E00F4C0F8 /* GoogleService-Info.plist in Resources */,
				419D78B51FBCD52A00F4C0F8 /* Assets.xcassets in Resources */,
				419D78B31FBCD52A00F4C0F8 /* Main.storyboard in Resources */,
			);
			runOnlyForDeploymentPostprocessing = 0;
		};
/* End PBXResourcesBuildPhase section */

/* Begin PBXShellScriptBuildPhase section */
		07F8438D211D7E3015E3342D /* [CP] Embed Pods Frameworks */ = {
			isa = PBXShellScriptBuildPhase;
			buildActionMask = 2147483647;
			files = (
			);
			inputPaths = (
			);
			name = "[CP] Embed Pods Frameworks";
			outputPaths = (
			);
			runOnlyForDeploymentPostprocessing = 0;
			shellPath = /bin/sh;
			shellScript = "\"${SRCROOT}/Pods/Target Support Files/Pods-Uber/Pods-Uber-frameworks.sh\"\n";
			showEnvVarsInLog = 0;
		};
		AA915F71DE09690FC5AC2D42 /* [CP] Check Pods Manifest.lock */ = {
			isa = PBXShellScriptBuildPhase;
			buildActionMask = 2147483647;
			files = (
			);
			inputPaths = (
			);
			name = "[CP] Check Pods Manifest.lock";
			outputPaths = (
			);
			runOnlyForDeploymentPostprocessing = 0;
			shellPath = /bin/sh;
			shellScript = "diff \"${PODS_ROOT}/../Podfile.lock\" \"${PODS_ROOT}/Manifest.lock\" > /dev/null\nif [ $? != 0 ] ; then\n    # print error to STDERR\n    echo \"error: The sandbox is not in sync with the Podfile.lock. Run 'pod install' or update your CocoaPods installation.\" >&2\n    exit 1\nfi\n";
			showEnvVarsInLog = 0;
		};
		E538BFFE6E28E29E76569E01 /* [CP] Copy Pods Resources */ = {
			isa = PBXShellScriptBuildPhase;
			buildActionMask = 2147483647;
			files = (
			);
			inputPaths = (
			);
			name = "[CP] Copy Pods Resources";
			outputPaths = (
			);
			runOnlyForDeploymentPostprocessing = 0;
			shellPath = /bin/sh;
			shellScript = "\"${SRCROOT}/Pods/Target Support Files/Pods-Uber/Pods-Uber-resources.sh\"\n";
			showEnvVarsInLog = 0;
		};
/* End PBXShellScriptBuildPhase section */

/* Begin PBXSourcesBuildPhase section */
		419D78A61FBCD52A00F4C0F8 /* Sources */ = {
			isa = PBXSourcesBuildPhase;
			buildActionMask = 2147483647;
			files = (
				419D78B01FBCD52A00F4C0F8 /* ViewController.swift in Sources */,
				419D78C91FBE671F00F4C0F8 /* DriverTableViewController.swift in Sources */,
				419D78C51FBD21CC00F4C0F8 /* RiderViewController.swift in Sources */,
				419D78AE1FBCD52A00F4C0F8 /* AppDelegate.swift in Sources */,
				419D78CB1FBE72BC00F4C0F8 /* AcceptRequestViewController.swift in Sources */,
			);
			runOnlyForDeploymentPostprocessing = 0;
		};
/* End PBXSourcesBuildPhase section */

/* Begin PBXVariantGroup section */
		419D78B11FBCD52A00F4C0F8 /* Main.storyboard */ = {
			isa = PBXVariantGroup;
			children = (
				419D78B21FBCD52A00F4C0F8 /* Base */,
			);
			name = Main.storyboard;
			sourceTree = "<group>";
		};
		419D78B61FBCD52A00F4C0F8 /* LaunchScreen.storyboard */ = {
			isa = PBXVariantGroup;
			children = (
				419D78B71FBCD52A00F4C0F8 /* Base */,
			);
			name = LaunchScreen.storyboard;
			sourceTree = "<group>";
		};
/* End PBXVariantGroup section */

/* Begin XCBuildConfiguration section */
		419D78BA1FBCD52A00F4C0F8 /* Debug */ = {
			isa = XCBuildConfiguration;
			buildSettings = {
				ALWAYS_SEARCH_USER_PATHS = NO;
				CLANG_ANALYZER_NONNULL = YES;
				CLANG_ANALYZER_NUMBER_OBJECT_CONVERSION = YES_AGGRESSIVE;
				CLANG_CXX_LANGUAGE_STANDARD = "gnu++14";
				CLANG_CXX_LIBRARY = "libc++";
				CLANG_ENABLE_MODULES = YES;
				CLANG_ENABLE_OBJC_ARC = YES;
				CLANG_WARN_BLOCK_CAPTURE_AUTORELEASING = YES;
				CLANG_WARN_BOOL_CONVERSION = YES;
				CLANG_WARN_COMMA = YES;
				CLANG_WARN_CONSTANT_CONVERSION = YES;
				CLANG_WARN_DIRECT_OBJC_ISA_USAGE = YES_ERROR;
				CLANG_WARN_DOCUMENTATION_COMMENTS = YES;
				CLANG_WARN_EMPTY_BODY = YES;
				CLANG_WARN_ENUM_CONVERSION = YES;
				CLANG_WARN_INFINITE_RECURSION = YES;
				CLANG_WARN_INT_CONVERSION = YES;
				CLANG_WARN_NON_LITERAL_NULL_CONVERSION = YES;
				CLANG_WARN_OBJC_LITERAL_CONVERSION = YES;
				CLANG_WARN_OBJC_ROOT_CLASS = YES_ERROR;
				CLANG_WARN_RANGE_LOOP_ANALYSIS = YES;
				CLANG_WARN_STRICT_PROTOTYPES = YES;
				CLANG_WARN_SUSPICIOUS_MOVE = YES;
				CLANG_WARN_UNGUARDED_AVAILABILITY = YES_AGGRESSIVE;
				CLANG_WARN_UNREACHABLE_CODE = YES;
				CLANG_WARN__DUPLICATE_METHOD_MATCH = YES;
				CODE_SIGN_IDENTITY = "iPhone Developer";
				COPY_PHASE_STRIP = NO;
				DEBUG_INFORMATION_FORMAT = dwarf;
				ENABLE_STRICT_OBJC_MSGSEND = YES;
				ENABLE_TESTABILITY = YES;
				GCC_C_LANGUAGE_STANDARD = gnu11;
				GCC_DYNAMIC_NO_PIC = NO;
				GCC_NO_COMMON_BLOCKS = YES;
				GCC_OPTIMIZATION_LEVEL = 0;
				GCC_PREPROCESSOR_DEFINITIONS = (
					"DEBUG=1",
					"$(inherited)",
				);
				GCC_WARN_64_TO_32_BIT_CONVERSION = YES;
				GCC_WARN_ABOUT_RETURN_TYPE = YES_ERROR;
				GCC_WARN_UNDECLARED_SELECTOR = YES;
				GCC_WARN_UNINITIALIZED_AUTOS = YES_AGGRESSIVE;
				GCC_WARN_UNUSED_FUNCTION = YES;
				GCC_WARN_UNUSED_VARIABLE = YES;
				IPHONEOS_DEPLOYMENT_TARGET = 11.0;
				MTL_ENABLE_DEBUG_INFO = YES;
				ONLY_ACTIVE_ARCH = YES;
				SDKROOT = iphoneos;
				SWIFT_ACTIVE_COMPILATION_CONDITIONS = DEBUG;
				SWIFT_OPTIMIZATION_LEVEL = "-Onone";
			};
			name = Debug;
		};
		419D78BB1FBCD52A00F4C0F8 /* Release */ = {
			isa = XCBuildConfiguration;
			buildSettings = {
				ALWAYS_SEARCH_USER_PATHS = NO;
				CLANG_ANALYZER_NONNULL = YES;
				CLANG_ANALYZER_NUMBER_OBJECT_CONVERSION = YES_AGGRESSIVE;
				CLANG_CXX_LANGUAGE_STANDARD = "gnu++14";
				CLANG_CXX_LIBRARY = "libc++";
				CLANG_ENABLE_MODULES = YES;
				CLANG_ENABLE_OBJC_ARC = YES;
				CLANG_WARN_BLOCK_CAPTURE_AUTORELEASING = YES;
				CLANG_WARN_BOOL_CONVERSION = YES;
				CLANG_WARN_COMMA = YES;
				CLANG_WARN_CONSTANT_CONVERSION = YES;
				CLANG_WARN_DIRECT_OBJC_ISA_USAGE = YES_ERROR;
				CLANG_WARN_DOCUMENTATION_COMMENTS = YES;
				CLANG_WARN_EMPTY_BODY = YES;
				CLANG_WARN_ENUM_CONVERSION = YES;
				CLANG_WARN_INFINITE_RECURSION = YES;
				CLANG_WARN_INT_CONVERSION = YES;
				CLANG_WARN_NON_LITERAL_NULL_CONVERSION = YES;
				CLANG_WARN_OBJC_LITERAL_CONVERSION = YES;
				CLANG_WARN_OBJC_ROOT_CLASS = YES_ERROR;
				CLANG_WARN_RANGE_LOOP_ANALYSIS = YES;
				CLANG_WARN_STRICT_PROTOTYPES = YES;
				CLANG_WARN_SUSPICIOUS_MOVE = YES;
				CLANG_WARN_UNGUARDED_AVAILABILITY = YES_AGGRESSIVE;
				CLANG_WARN_UNREACHABLE_CODE = YES;
				CLANG_WARN__DUPLICATE_METHOD_MATCH = YES;
				CODE_SIGN_IDENTITY = "iPhone Developer";
				COPY_PHASE_STRIP = NO;
				DEBUG_INFORMATION_FORMAT = "dwarf-with-dsym";
				ENABLE_NS_ASSERTIONS = NO;
				ENABLE_STRICT_OBJC_MSGSEND = YES;
				GCC_C_LANGUAGE_STANDARD = gnu11;
				GCC_NO_COMMON_BLOCKS = YES;
				GCC_WARN_64_TO_32_BIT_CONVERSION = YES;
				GCC_WARN_ABOUT_RETURN_TYPE = YES_ERROR;
				GCC_WARN_UNDECLARED_SELECTOR = YES;
				GCC_WARN_UNINITIALIZED_AUTOS = YES_AGGRESSIVE;
				GCC_WARN_UNUSED_FUNCTION = YES;
				GCC_WARN_UNUSED_VARIABLE = YES;
				IPHONEOS_DEPLOYMENT_TARGET = 11.0;
				MTL_ENABLE_DEBUG_INFO = NO;
				SDKROOT = iphoneos;
				SWIFT_OPTIMIZATION_LEVEL = "-Owholemodule";
				VALIDATE_PRODUCT = YES;
			};
			name = Release;
		};
		419D78BD1FBCD52A00F4C0F8 /* Debug */ = {
			isa = XCBuildConfiguration;
			baseConfigurationReference = 99C5DF2E4C8B3D38381FF10E /* Pods-Uber.debug.xcconfig */;
			buildSettings = {
				ASSETCATALOG_COMPILER_APPICON_NAME = AppIcon;
				DEVELOPMENT_TEAM = XSLXM32Z23;
				INFOPLIST_FILE = Uber/Info.plist;
				LD_RUNPATH_SEARCH_PATHS = "$(inherited) @executable_path/Frameworks";
				PRODUCT_BUNDLE_IDENTIFIER = com.michaelroloff.Uber;
				PRODUCT_NAME = "$(TARGET_NAME)";
				SWIFT_VERSION = 4.0;
				TARGETED_DEVICE_FAMILY = "1,2";
			};
			name = Debug;
		};
		419D78BE1FBCD52A00F4C0F8 /* Release */ = {
			isa = XCBuildConfiguration;
			baseConfigurationReference = DCDAB2B4603385CC0DD09DDC /* Pods-Uber.release.xcconfig */;
			buildSettings = {
				ASSETCATALOG_COMPILER_APPICON_NAME = AppIcon;
				DEVELOPMENT_TEAM = XSLXM32Z23;
				INFOPLIST_FILE = Uber/Info.plist;
				LD_RUNPATH_SEARCH_PATHS = "$(inherited) @executable_path/Frameworks";
				PRODUCT_BUNDLE_IDENTIFIER = com.michaelroloff.Uber;
				PRODUCT_NAME = "$(TARGET_NAME)";
				SWIFT_VERSION = 4.0;
				TARGETED_DEVICE_FAMILY = "1,2";
			};
			name = Release;
		};
/* End XCBuildConfiguration section */

/* Begin XCConfigurationList section */
		419D78A51FBCD52A00F4C0F8 /* Build configuration list for PBXProject "Uber" */ = {
			isa = XCConfigurationList;
			buildConfigurations = (
				419D78BA1FBCD52A00F4C0F8 /* Debug */,
				419D78BB1FBCD52A00F4C0F8 /* Release */,
			);
			defaultConfigurationIsVisible = 0;
			defaultConfigurationName = Release;
		};
		419D78BC1FBCD52A00F4C0F8 /* Build configuration list for PBXNativeTarget "Uber" */ = {
			isa = XCConfigurationList;
			buildConfigurations = (
				419D78BD1FBCD52A00F4C0F8 /* Debug */,
				419D78BE1FBCD52A00F4C0F8 /* Release */,
			);
			defaultConfigurationIsVisible = 0;
			defaultConfigurationName = Release;
		};
/* End XCConfigurationList section */
	};
	rootObject = 419D78A21FBCD52A00F4C0F8 /* Project object */;
}
